
Microsoft Visual Studio Solution File, Format Version 12.00
# Visual Studio Version 17
VisualStudioVersion = 17.1.32228.430
MinimumVisualStudioVersion = 10.0.40219.1
Project("{E24C65DC-7377-472B-9ABA-BC803B73C61A}") = "StaticWebSite", "http://localhost:52590", "{6A4750F6-8D1D-439A-A1EF-204DD646FBAB}"
	ProjectSection(WebsiteProperties) = preProject
		UseIISExpress = "true"
		TargetFrameworkMoniker = ".NETFramework,Version%3Dv4.5"
		Debug.AspNetCompiler.VirtualPath = "/localhost_52590"
		Debug.AspNetCompiler.PhysicalPath = "..\StaticWebSite\"
		Debug.AspNetCompiler.TargetPath = "PrecompiledWeb\localhost_52590\"
		Debug.AspNetCompiler.Updateable = "true"
		Debug.AspNetCompiler.ForceOverwrite = "true"
		Debug.AspNetCompiler.FixedNames = "false"
		Debug.AspNetCompiler.Debug = "True"
		Release.AspNetCompiler.VirtualPath = "/localhost_52590"
		Release.AspNetCompiler.PhysicalPath = "..\StaticWebSite\"
		Release.AspNetCompiler.TargetPath = "PrecompiledWeb\localhost_52590\"
		Release.AspNetCompiler.Updateable = "true"
		Release.AspNetCompiler.ForceOverwrite = "true"
		Release.AspNetCompiler.FixedNames = "false"
		Release.AspNetCompiler.Debug = "False"
		SlnRelativePath = "..\StaticWebSite\"
	EndProjectSection
EndProject
Global
	GlobalSection(SolutionConfigurationPlatforms) = preSolution
		Debug|Any CPU = Debug|Any CPU
	EndGlobalSection
	GlobalSection(ProjectConfigurationPlatforms) = postSolution
		{6A4750F6-8D1D-439A-A1EF-204DD646FBAB}.Debug|Any CPU.ActiveCfg = Debug|Any CPU
		{6A4750F6-8D1D-439A-A1EF-204DD646FBAB}.Debug|Any CPU.Build.0 = Debug|Any CPU
	EndGlobalSection
	GlobalSection(SolutionProperties) = preSolution
		HideSolutionNode = FALSE
	EndGlobalSection
	GlobalSection(ExtensibilityGlobals) = postSolution
		SolutionGuid = {C0ADDBB8-019B-4EED-9C83-1ABE711D3A09}
	EndGlobalSection
EndGlobal
